
Microsoft Visual Studio Solution File, Format Version 12.00
# Visual Studio 2013
VisualStudioVersion = 12.0.30501.0
MinimumVisualStudioVersion = 10.0.40219.1
Project("{FAE04EC0-301F-11D3-BF4B-00C04F79EFBC}") = "DSFixEasySettings", "DSFixEasySettings\DSFixEasySettings.csproj", "{C8C4924E-2636-4764-A6FE-BEA92592848C}"
EndProject
Global
	GlobalSection(SolutionConfigurationPlatforms) = preSolution
		Debug|Any CPU = Debug|Any CPU
		Release|Any CPU = Release|Any CPU
	EndGlobalSection
	GlobalSection(ProjectConfigurationPlatforms) = postSolution
		{C8C4924E-2636-4764-A6FE-BEA92592848C}.Debug|Any CPU.ActiveCfg = Debug|Any CPU
		{C8C4924E-2636-4764-A6FE-BEA92592848C}.Debug|Any CPU.Build.0 = Debug|Any CPU
		{C8C4924E-2636-4764-A6FE-BEA92592848C}.Release|Any CPU.ActiveCfg = Release|Any CPU
		{C8C4924E-2636-4764-A6FE-BEA92592848C}.Release|Any CPU.Build.0 = Release|Any CPU
	EndGlobalSection
	GlobalSection(SolutionProperties) = preSolution
		HideSolutionNode = FALSE
	EndGlobalSection
EndGlobal
